
Microsoft Visual Studio Solution File, Format Version 12.00
# Visual Studio Version 16
VisualStudioVersion = 16.0.30128.74
MinimumVisualStudioVersion = 10.0.40219.1
Project("{2150E333-8FDC-42A3-9474-1A3956D46DE8}") = "01 Service", "01 Service", "{D13B4D5D-F93C-497A-9EAE-9AC7DE7C59C8}"
EndProject
Project("{2150E333-8FDC-42A3-9474-1A3956D46DE8}") = "02 Business", "02 Business", "{48F98B02-C761-46A3-A64F-B652474C1168}"
EndProject
Project("{2150E333-8FDC-42A3-9474-1A3956D46DE8}") = "03 DataAccess", "03 DataAccess", "{FEA2B99C-1756-44FF-B04C-CDFAD272110A}"
EndProject
Project("{2150E333-8FDC-42A3-9474-1A3956D46DE8}") = "04 Shared", "04 Shared", "{97EA33FB-A282-447B-9046-49FA8F7E0949}"
EndProject
Project("{9A19103F-16F7-4668-BE54-9A1E7A4F7556}") = "Shopping.Portal.Service", "Shopping.Portal.Service\Shopping.Portal.Service.csproj", "{9E3A9E12-15F4-4FA6-89A2-A5CC1807365D}"
EndProject
Project("{9A19103F-16F7-4668-BE54-9A1E7A4F7556}") = "Shopping.Portal.Business", "Shopping.Portal.Business\Shopping.Portal.Business.csproj", "{91754FA8-78AB-4B81-B433-F85C6C34B9C4}"
EndProject
Project("{9A19103F-16F7-4668-BE54-9A1E7A4F7556}") = "Shopping.Portal.Data", "Shopping.Portal.Data\Shopping.Portal.Data.csproj", "{99E2F2DE-517E-4768-9FB7-057787644560}"
EndProject
Project("{9A19103F-16F7-4668-BE54-9A1E7A4F7556}") = "Shopping.Portal.Data.Interface", "Shopping.Portal.Data.Interface\Shopping.Portal.Data.Interface.csproj", "{509A1BAB-D6FB-4801-8432-3BE5897D60A8}"
EndProject
Project("{9A19103F-16F7-4668-BE54-9A1E7A4F7556}") = "Shopping.Portal.Model", "Shopping.Portal.Model\Shopping.Portal.Model.csproj", "{BA1DFA93-D4E4-4FEA-A0B9-16AF9B73F799}"
EndProject
Global
	GlobalSection(SolutionConfigurationPlatforms) = preSolution
		Debug|Any CPU = Debug|Any CPU
		Debug|x64 = Debug|x64
		Release|Any CPU = Release|Any CPU
		Release|x64 = Release|x64
	EndGlobalSection
	GlobalSection(ProjectConfigurationPlatforms) = postSolution
		{9E3A9E12-15F4-4FA6-89A2-A5CC1807365D}.Debug|Any CPU.ActiveCfg = Debug|Any CPU
		{9E3A9E12-15F4-4FA6-89A2-A5CC1807365D}.Debug|Any CPU.Build.0 = Debug|Any CPU
		{9E3A9E12-15F4-4FA6-89A2-A5CC1807365D}.Debug|x64.ActiveCfg = Debug|x64
		{9E3A9E12-15F4-4FA6-89A2-A5CC1807365D}.Debug|x64.Build.0 = Debug|x64
		{9E3A9E12-15F4-4FA6-89A2-A5CC1807365D}.Release|Any CPU.ActiveCfg = Release|Any CPU
		{9E3A9E12-15F4-4FA6-89A2-A5CC1807365D}.Release|Any CPU.Build.0 = Release|Any CPU
		{9E3A9E12-15F4-4FA6-89A2-A5CC1807365D}.Release|x64.ActiveCfg = Release|x64
		{9E3A9E12-15F4-4FA6-89A2-A5CC1807365D}.Release|x64.Build.0 = Release|x64
		{91754FA8-78AB-4B81-B433-F85C6C34B9C4}.Debug|Any CPU.ActiveCfg = Debug|Any CPU
		{91754FA8-78AB-4B81-B433-F85C6C34B9C4}.Debug|Any CPU.Build.0 = Debug|Any CPU
		{91754FA8-78AB-4B81-B433-F85C6C34B9C4}.Debug|x64.ActiveCfg = Debug|x64
		{91754FA8-78AB-4B81-B433-F85C6C34B9C4}.Debug|x64.Build.0 = Debug|x64
		{91754FA8-78AB-4B81-B433-F85C6C34B9C4}.Release|Any CPU.ActiveCfg = Release|Any CPU
		{91754FA8-78AB-4B81-B433-F85C6C34B9C4}.Release|Any CPU.Build.0 = Release|Any CPU
		{91754FA8-78AB-4B81-B433-F85C6C34B9C4}.Release|x64.ActiveCfg = Release|x64
		{91754FA8-78AB-4B81-B433-F85C6C34B9C4}.Release|x64.Build.0 = Release|x64
		{99E2F2DE-517E-4768-9FB7-057787644560}.Debug|Any CPU.ActiveCfg = Debug|Any CPU
		{99E2F2DE-517E-4768-9FB7-057787644560}.Debug|Any CPU.Build.0 = Debug|Any CPU
		{99E2F2DE-517E-4768-9FB7-057787644560}.Debug|x64.ActiveCfg = Debug|x64
		{99E2F2DE-517E-4768-9FB7-057787644560}.Debug|x64.Build.0 = Debug|x64
		{99E2F2DE-517E-4768-9FB7-057787644560}.Release|Any CPU.ActiveCfg = Release|Any CPU
		{99E2F2DE-517E-4768-9FB7-057787644560}.Release|Any CPU.Build.0 = Release|Any CPU
		{99E2F2DE-517E-4768-9FB7-057787644560}.Release|x64.ActiveCfg = Release|x64
		{99E2F2DE-517E-4768-9FB7-057787644560}.Release|x64.Build.0 = Release|x64
		{509A1BAB-D6FB-4801-8432-3BE5897D60A8}.Debug|Any CPU.ActiveCfg = Debug|Any CPU
		{509A1BAB-D6FB-4801-8432-3BE5897D60A8}.Debug|Any CPU.Build.0 = Debug|Any CPU
		{509A1BAB-D6FB-4801-8432-3BE5897D60A8}.Debug|x64.ActiveCfg = Debug|x64
		{509A1BAB-D6FB-4801-8432-3BE5897D60A8}.Debug|x64.Build.0 = Debug|x64
		{509A1BAB-D6FB-4801-8432-3BE5897D60A8}.Release|Any CPU.ActiveCfg = Release|Any CPU
		{509A1BAB-D6FB-4801-8432-3BE5897D60A8}.Release|Any CPU.Build.0 = Release|Any CPU
		{509A1BAB-D6FB-4801-8432-3BE5897D60A8}.Release|x64.ActiveCfg = Release|x64
		{509A1BAB-D6FB-4801-8432-3BE5897D60A8}.Release|x64.Build.0 = Release|x64
		{BA1DFA93-D4E4-4FEA-A0B9-16AF9B73F799}.Debug|Any CPU.ActiveCfg = Debug|Any CPU
		{BA1DFA93-D4E4-4FEA-A0B9-16AF9B73F799}.Debug|Any CPU.Build.0 = Debug|Any CPU
		{BA1DFA93-D4E4-4FEA-A0B9-16AF9B73F799}.Debug|x64.ActiveCfg = Debug|x64
		{BA1DFA93-D4E4-4FEA-A0B9-16AF9B73F799}.Debug|x64.Build.0 = Debug|x64
		{BA1DFA93-D4E4-4FEA-A0B9-16AF9B73F799}.Release|Any CPU.ActiveCfg = Release|Any CPU
		{BA1DFA93-D4E4-4FEA-A0B9-16AF9B73F799}.Release|Any CPU.Build.0 = Release|Any CPU
		{BA1DFA93-D4E4-4FEA-A0B9-16AF9B73F799}.Release|x64.ActiveCfg = Release|x64
		{BA1DFA93-D4E4-4FEA-A0B9-16AF9B73F799}.Release|x64.Build.0 = Release|x64
	EndGlobalSection
	GlobalSection(SolutionProperties) = preSolution
		HideSolutionNode = FALSE
	EndGlobalSection
	GlobalSection(NestedProjects) = preSolution
		{9E3A9E12-15F4-4FA6-89A2-A5CC1807365D} = {D13B4D5D-F93C-497A-9EAE-9AC7DE7C59C8}
		{91754FA8-78AB-4B81-B433-F85C6C34B9C4} = {48F98B02-C761-46A3-A64F-B652474C1168}
		{99E2F2DE-517E-4768-9FB7-057787644560} = {FEA2B99C-1756-44FF-B04C-CDFAD272110A}
		{509A1BAB-D6FB-4801-8432-3BE5897D60A8} = {FEA2B99C-1756-44FF-B04C-CDFAD272110A}
		{BA1DFA93-D4E4-4FEA-A0B9-16AF9B73F799} = {97EA33FB-A282-447B-9046-49FA8F7E0949}
	EndGlobalSection
	GlobalSection(ExtensibilityGlobals) = postSolution
		SolutionGuid = {C3266283-7188-492B-80AE-AA4A4FCA46AD}
	EndGlobalSection
EndGlobal
